
Microsoft Visual Studio Solution File, Format Version 12.00
# Visual Studio Version 17
VisualStudioVersion = 17.3.32825.248
MinimumVisualStudioVersion = 10.0.40219.1
Project("{FAE04EC0-301F-11D3-BF4B-00C04F79EFBC}") = "Laba8", "Laba8.csproj", "{6AB2995F-5949-48E7-BDBD-732BC59869FF}"
EndProject
Global
	GlobalSection(SolutionConfigurationPlatforms) = preSolution
		Debug|Any CPU = Debug|Any CPU
		Release|Any CPU = Release|Any CPU
	EndGlobalSection
	GlobalSection(ProjectConfigurationPlatforms) = postSolution
		{6AB2995F-5949-48E7-BDBD-732BC59869FF}.Debug|Any CPU.ActiveCfg = Debug|Any CPU
		{6AB2995F-5949-48E7-BDBD-732BC59869FF}.Debug|Any CPU.Build.0 = Debug|Any CPU
		{6AB2995F-5949-48E7-BDBD-732BC59869FF}.Release|Any CPU.ActiveCfg = Release|Any CPU
		{6AB2995F-5949-48E7-BDBD-732BC59869FF}.Release|Any CPU.Build.0 = Release|Any CPU
	EndGlobalSection
	GlobalSection(SolutionProperties) = preSolution
		HideSolutionNode = FALSE
	EndGlobalSection
	GlobalSection(ExtensibilityGlobals) = postSolution
		SolutionGuid = {CB07D471-E6D3-4835-A6AB-EA80555DC2A0}
	EndGlobalSection
EndGlobal
